// !$*UTF8*$!
{
	archiveVersion = 1;
	classes = {
	};
	objectVersion = 46;
	objects = {

/* Begin PBXBuildFile section */
		BC7143831B3257150014AEA7 /* Foundation.framework in Frameworks */ = {isa = PBXBuildFile; fileRef = BC7143821B3257150014AEA7 /* Foundation.framework */; };
		BC7143851B3257150014AEA7 /* CoreGraphics.framework in Frameworks */ = {isa = PBXBuildFile; fileRef = BC7143841B3257150014AEA7 /* CoreGraphics.framework */; };
		BC7143871B3257150014AEA7 /* UIKit.framework in Frameworks */ = {isa = PBXBuildFile; fileRef = BC7143861B3257150014AEA7 /* UIKit.framework */; };
		BC71438D1B3257150014AEA7 /* InfoPlist.strings in Resources */ = {isa = PBXBuildFile; fileRef = BC71438B1B3257150014AEA7 /* InfoPlist.strings */; };
		BC71438F1B3257150014AEA7 /* main.m in Sources */ = {isa = PBXBuildFile; fileRef = BC71438E1B3257150014AEA7 /* main.m */; };
		BC7143931B3257150014AEA7 /* KGAppDelegate.m in Sources */ = {isa = PBXBuildFile; fileRef = BC7143921B3257150014AEA7 /* KGAppDelegate.m */; };
		BC7143951B3257150014AEA7 /* Images.xcassets in Resources */ = {isa = PBXBuildFile; fileRef = BC7143941B3257150014AEA7 /* Images.xcassets */; };
		BC71439C1B3257150014AEA7 /* XCTest.framework in Frameworks */ = {isa = PBXBuildFile; fileRef = BC71439B1B3257150014AEA7 /* XCTest.framework */; };
		BC71439D1B3257150014AEA7 /* Foundation.framework in Frameworks */ = {isa = PBXBuildFile; fileRef = BC7143821B3257150014AEA7 /* Foundation.framework */; };
		BC71439E1B3257150014AEA7 /* UIKit.framework in Frameworks */ = {isa = PBXBuildFile; fileRef = BC7143861B3257150014AEA7 /* UIKit.framework */; };
		BC7143A61B3257150014AEA7 /* InfoPlist.strings in Resources */ = {isa = PBXBuildFile; fileRef = BC7143A41B3257150014AEA7 /* InfoPlist.strings */; };
		BC7143A81B3257160014AEA7 /* UIScrollViewDemoTests.m in Sources */ = {isa = PBXBuildFile; fileRef = BC7143A71B3257150014AEA7 /* UIScrollViewDemoTests.m */; };
/* End PBXBuildFile section */

/* Begin PBXContainerItemProxy section */
		BC71439F1B3257150014AEA7 /* PBXContainerItemProxy */ = {
			isa = PBXContainerItemProxy;
			containerPortal = BC7143771B3257150014AEA7 /* Project object */;
			proxyType = 1;
			remoteGlobalIDString = BC71437E1B3257150014AEA7;
			remoteInfo = UIScrollViewDemo;
		};
/* End PBXContainerItemProxy section */

/* Begin PBXFileReference section */
		BC71437F1B3257150014AEA7 /* UIScrollViewDemo.app */ = {isa = PBXFileReference; explicitFileType = wrapper.application; includeInIndex = 0; path = UIScrollViewDemo.app; sourceTree = BUILT_PRODUCTS_DIR; };
		BC7143821B3257150014AEA7 /* Foundation.framework */ = {isa = PBXFileReference; lastKnownFileType = wrapper.framework; name = Foundation.framework; path = System/Library/Frameworks/Foundation.framework; sourceTree = SDKROOT; };
		BC7143841B3257150014AEA7 /* CoreGraphics.framework */ = {isa = PBXFileReference; lastKnownFileType = wrapper.framework; name = CoreGraphics.framework; path = System/Library/Frameworks/CoreGraphics.framework; sourceTree = SDKROOT; };
		BC7143861B3257150014AEA7 /* UIKit.framework */ = {isa = PBXFileReference; lastKnownFileType = wrapper.framework; name = UIKit.framework; path = System/Library/Frameworks/UIKit.framework; sourceTree = SDKROOT; };
		BC71438A1B3257150014AEA7 /* UIScrollViewDemo-Info.plist */ = {isa = PBXFileReference; lastKnownFileType = text.plist.xml; path = "UIScrollViewDemo-Info.plist"; sourceTree = "<group>"; };
		BC71438C1B3257150014AEA7 /* en */ = {isa = PBXFileReference; lastKnownFileType = text.plist.strings; name = en; path = en.lproj/InfoPlist.strings; sourceTree = "<group>"; };
		BC71438E1B3257150014AEA7 /* main.m */ = {isa = PBXFileReference; lastKnownFileType = sourcecode.c.objc; path = main.m; sourceTree = "<group>"; };
		BC7143901B3257150014AEA7 /* UIScrollViewDemo-Prefix.pch */ = {isa = PBXFileReference; lastKnownFileType = sourcecode.c.h; path = "UIScrollViewDemo-Prefix.pch"; sourceTree = "<group>"; };
		BC7143911B3257150014AEA7 /* KGAppDelegate.h */ = {isa = PBXFileReference; lastKnownFileType = sourcecode.c.h; path = KGAppDelegate.h; sourceTree = "<group>"; };
		BC7143921B3257150014AEA7 /* KGAppDelegate.m */ = {isa = PBXFileReference; lastKnownFileType = sourcecode.c.objc; path = KGAppDelegate.m; sourceTree = "<group>"; };
		BC7143941B3257150014AEA7 /* Images.xcassets */ = {isa = PBXFileReference; lastKnownFileType = folder.assetcatalog; path = Images.xcassets; sourceTree = "<group>"; };
		BC71439A1B3257150014AEA7 /* UIScrollViewDemoTests.xctest */ = {isa = PBXFileReference; explicitFileType = wrapper.cfbundle; includeInIndex = 0; path = UIScrollViewDemoTests.xctest; sourceTree = BUILT_PRODUCTS_DIR; };
		BC71439B1B3257150014AEA7 /* XCTest.framework */ = {isa = PBXFileReference; lastKnownFileType = wrapper.framework; name = XCTest.framework; path = Library/Frameworks/XCTest.framework; sourceTree = DEVELOPER_DIR; };
		BC7143A31B3257150014AEA7 /* UIScrollViewDemoTests-Info.plist */ = {isa = PBXFileReference; lastKnownFileType = text.plist.xml; path = "UIScrollViewDemoTests-Info.plist"; sourceTree = "<group>"; };
		BC7143A51B3257150014AEA7 /* en */ = {isa = PBXFileReference; lastKnownFileType = text.plist.strings; name = en; path = en.lproj/InfoPlist.strings; sourceTree = "<group>"; };
		BC7143A71B3257150014AEA7 /* UIScrollViewDemoTests.m */ = {isa = PBXFileReference; lastKnownFileType = sourcecode.c.objc; path = UIScrollViewDemoTests.m; sourceTree = "<group>"; };
/* End PBXFileReference section */

/* Begin PBXFrameworksBuildPhase section */
		BC71437C1B3257150014AEA7 /* Frameworks */ = {
			isa = PBXFrameworksBuildPhase;
			buildActionMask = 2147483647;
			files = (
				BC7143851B3257150014AEA7 /* CoreGraphics.framework in Frameworks */,
				BC7143871B3257150014AEA7 /* UIKit.framework in Frameworks */,
				BC7143831B3257150014AEA7 /* Foundation.framework in Frameworks */,
			);
			runOnlyForDeploymentPostprocessing = 0;
		};
		BC7143971B3257150014AEA7 /* Frameworks */ = {
			isa = PBXFrameworksBuildPhase;
			buildActionMask = 2147483647;
			files = (
				BC71439C1B3257150014AEA7 /* XCTest.framework in Frameworks */,
				BC71439E1B3257150014AEA7 /* UIKit.framework in Frameworks */,
				BC71439D1B3257150014AEA7 /* Foundation.framework in Frameworks */,
			);
			runOnlyForDeploymentPostprocessing = 0;
		};
/* End PBXFrameworksBuildPhase section */

/* Begin PBXGroup section */
		BC7143761B3257150014AEA7 = {
			isa = PBXGroup;
			children = (
				BC7143881B3257150014AEA7 /* UIScrollViewDemo */,
				BC7143A11B3257150014AEA7 /* UIScrollViewDemoTests */,
				BC7143811B3257150014AEA7 /* Frameworks */,
				BC7143801B3257150014AEA7 /* Products */,
			);
			sourceTree = "<group>";
		};
		BC7143801B3257150014AEA7 /* Products */ = {
			isa = PBXGroup;
			children = (
				BC71437F1B3257150014AEA7 /* UIScrollViewDemo.app */,
				BC71439A1B3257150014AEA7 /* UIScrollViewDemoTests.xctest */,
			);
			name = Products;
			sourceTree = "<group>";
		};
		BC7143811B3257150014AEA7 /* Frameworks */ = {
			isa = PBXGroup;
			children = (
				BC7143821B3257150014AEA7 /* Foundation.framework */,
				BC7143841B3257150014AEA7 /* CoreGraphics.framework */,
				BC7143861B3257150014AEA7 /* UIKit.framework */,
				BC71439B1B3257150014AEA7 /* XCTest.framework */,
			);
			name = Frameworks;
			sourceTree = "<group>";
		};
		BC7143881B3257150014AEA7 /* UIScrollViewDemo */ = {
			isa = PBXGroup;
			children = (
				BC7143911B3257150014AEA7 /* KGAppDelegate.h */,
				BC7143921B3257150014AEA7 /* KGAppDelegate.m */,
				BC7143941B3257150014AEA7 /* Images.xcassets */,
				BC7143891B3257150014AEA7 /* Supporting Files */,
			);
			path = UIScrollViewDemo;
			sourceTree = "<group>";
		};
		BC7143891B3257150014AEA7 /* Supporting Files */ = {
			isa = PBXGroup;
			children = (
				BC71438A1B3257150014AEA7 /* UIScrollViewDemo-Info.plist */,
				BC71438B1B3257150014AEA7 /* InfoPlist.strings */,
				BC71438E1B3257150014AEA7 /* main.m */,
				BC7143901B3257150014AEA7 /* UIScrollViewDemo-Prefix.pch */,
			);
			name = "Supporting Files";
			sourceTree = "<group>";
		};
		BC7143A11B3257150014AEA7 /* UIScrollViewDemoTests */ = {
			isa = PBXGroup;
			children = (
				BC7143A71B3257150014AEA7 /* UIScrollViewDemoTests.m */,
				BC7143A21B3257150014AEA7 /* Supporting Files */,
			);
			path = UIScrollViewDemoTests;
			sourceTree = "<group>";
		};
		BC7143A21B3257150014AEA7 /* Supporting Files */ = {
			isa = PBXGroup;
			children = (
				BC7143A31B3257150014AEA7 /* UIScrollViewDemoTests-Info.plist */,
				BC7143A41B3257150014AEA7 /* InfoPlist.strings */,
			);
			name = "Supporting Files";
			sourceTree = "<group>";
		};
/* End PBXGroup section */

/* Begin PBXNativeTarget section */
		BC71437E1B3257150014AEA7 /* UIScrollViewDemo */ = {
			isa = PBXNativeTarget;
			buildConfigurationList = BC7143AB1B3257160014AEA7 /* Build configuration list for PBXNativeTarget "UIScrollViewDemo" */;
			buildPhases = (
				BC71437B1B3257150014AEA7 /* Sources */,
				BC71437C1B3257150014AEA7 /* Frameworks */,
				BC71437D1B3257150014AEA7 /* Resources */,
			);
			buildRules = (
			);
			dependencies = (
			);
			name = UIScrollViewDemo;
			productName = UIScrollViewDemo;
			productReference = BC71437F1B3257150014AEA7 /* UIScrollViewDemo.app */;
			productType = "com.apple.product-type.application";
		};
		BC7143991B3257150014AEA7 /* UIScrollViewDemoTests */ = {
			isa = PBXNativeTarget;
			buildConfigurationList = BC7143AE1B3257160014AEA7 /* Build configuration list for PBXNativeTarget "UIScrollViewDemoTests" */;
			buildPhases = (
				BC7143961B3257150014AEA7 /* Sources */,
				BC7143971B3257150014AEA7 /* Frameworks */,
				BC7143981B3257150014AEA7 /* Resources */,
			);
			buildRules = (
			);
			dependencies = (
				BC7143A01B3257150014AEA7 /* PBXTargetDependency */,
			);
			name = UIScrollViewDemoTests;
			productName = UIScrollViewDemoTests;
			productReference = BC71439A1B3257150014AEA7 /* UIScrollViewDemoTests.xctest */;
			productType = "com.apple.product-type.bundle.unit-test";
		};
/* End PBXNativeTarget section */

/* Begin PBXProject section */
		BC7143771B3257150014AEA7 /* Project object */ = {
			isa = PBXProject;
			attributes = {
				CLASSPREFIX = KG;
				LastUpgradeCheck = 0510;
				ORGANIZATIONNAME = KG;
				TargetAttributes = {
					BC7143991B3257150014AEA7 = {
						TestTargetID = BC71437E1B3257150014AEA7;
					};
				};
			};
			buildConfigurationList = BC71437A1B3257150014AEA7 /* Build configuration list for PBXProject "UIScrollViewDemo" */;
			compatibilityVersion = "Xcode 3.2";
			developmentRegion = English;
			hasScannedForEncodings = 0;
			knownRegions = (
				en,
			);
			mainGroup = BC7143761B3257150014AEA7;
			productRefGroup = BC7143801B3257150014AEA7 /* Products */;
			projectDirPath = "";
			projectRoot = "";
			targets = (
				BC71437E1B3257150014AEA7 /* UIScrollViewDemo */,
				BC7143991B3257150014AEA7 /* UIScrollViewDemoTests */,
			);
		};
/* End PBXProject section */

/* Begin PBXResourcesBuildPhase section */
		BC71437D1B3257150014AEA7 /* Resources */ = {
			isa = PBXResourcesBuildPhase;
			buildActionMask = 2147483647;
			files = (
				BC71438D1B3257150014AEA7 /* InfoPlist.strings in Resources */,
				BC7143951B3257150014AEA7 /* Images.xcassets in Resources */,
			);
			runOnlyForDeploymentPostprocessing = 0;
		};
		BC7143981B3257150014AEA7 /* Resources */ = {
			isa = PBXResourcesBuildPhase;
			buildActionMask = 2147483647;
			files = (
				BC7143A61B3257150014AEA7 /* InfoPlist.strings in Resources */,
			);
			runOnlyForDeploymentPostprocessing = 0;
		};
/* End PBXResourcesBuildPhase section */

/* Begin PBXSourcesBuildPhase section */
		BC71437B1B3257150014AEA7 /* Sources */ = {
			isa = PBXSourcesBuildPhase;
			buildActionMask = 2147483647;
			files = (
				BC7143931B3257150014AEA7 /* KGAppDelegate.m in Sources */,
				BC71438F1B3257150014AEA7 /* main.m in Sources */,
			);
			runOnlyForDeploymentPostprocessing = 0;
		};
		BC7143961B3257150014AEA7 /* Sources */ = {
			isa = PBXSourcesBuildPhase;
			buildActionMask = 2147483647;
			files = (
				BC7143A81B3257160014AEA7 /* UIScrollViewDemoTests.m in Sources */,
			);
			runOnlyForDeploymentPostprocessing = 0;
		};
/* End PBXSourcesBuildPhase section */

/* Begin PBXTargetDependency section */
		BC7143A01B3257150014AEA7 /* PBXTargetDependency */ = {
			isa = PBXTargetDependency;
			target = BC71437E1B3257150014AEA7 /* UIScrollViewDemo */;
			targetProxy = BC71439F1B3257150014AEA7 /* PBXContainerItemProxy */;
		};
/* End PBXTargetDependency section */

/* Begin PBXVariantGroup section */
		BC71438B1B3257150014AEA7 /* InfoPlist.strings */ = {
			isa = PBXVariantGroup;
			children = (
				BC71438C1B3257150014AEA7 /* en */,
			);
			name = InfoPlist.strings;
			sourceTree = "<group>";
		};
		BC7143A41B3257150014AEA7 /* InfoPlist.strings */ = {
			isa = PBXVariantGroup;
			children = (
				BC7143A51B3257150014AEA7 /* en */,
			);
			name = InfoPlist.strings;
			sourceTree = "<group>";
		};
/* End PBXVariantGroup section */

/* Begin XCBuildConfiguration section */
		BC7143A91B3257160014AEA7 /* Debug */ = {
			isa = XCBuildConfiguration;
			buildSettings = {
				ALWAYS_SEARCH_USER_PATHS = NO;
				CLANG_CXX_LANGUAGE_STANDARD = "gnu++0x";
				CLANG_CXX_LIBRARY = "libc++";
				CLANG_ENABLE_MODULES = YES;
				CLANG_ENABLE_OBJC_ARC = YES;
				CLANG_WARN_BOOL_CONVERSION = YES;
				CLANG_WARN_CONSTANT_CONVERSION = YES;
				CLANG_WARN_DIRECT_OBJC_ISA_USAGE = YES_ERROR;
				CLANG_WARN_EMPTY_BODY = YES;
				CLANG_WARN_ENUM_CONVERSION = YES;
				CLANG_WARN_INT_CONVERSION = YES;
				CLANG_WARN_OBJC_ROOT_CLASS = YES_ERROR;
				CLANG_WARN__DUPLICATE_METHOD_MATCH = YES;
				"CODE_SIGN_IDENTITY[sdk=iphoneos*]" = "iPhone Developer";
				COPY_PHASE_STRIP = NO;
				GCC_C_LANGUAGE_STANDARD = gnu99;
				GCC_DYNAMIC_NO_PIC = NO;
				GCC_OPTIMIZATION_LEVEL = 0;
				GCC_PREPROCESSOR_DEFINITIONS = (
					"DEBUG=1",
					"$(inherited)",
				);
				GCC_SYMBOLS_PRIVATE_EXTERN = NO;
				GCC_WARN_64_TO_32_BIT_CONVERSION = YES;
				GCC_WARN_ABOUT_RETURN_TYPE = YES_ERROR;
				GCC_WARN_UNDECLARED_SELECTOR = YES;
				GCC_WARN_UNINITIALIZED_AUTOS = YES_AGGRESSIVE;
				GCC_WARN_UNUSED_FUNCTION = YES;
				GCC_WARN_UNUSED_VARIABLE = YES;
				IPHONEOS_DEPLOYMENT_TARGET = 7.1;
				ONLY_ACTIVE_ARCH = YES;
				SDKROOT = iphoneos;
			};
			name = Debug;
		};
		BC7143AA1B3257160014AEA7 /* Release */ = {
			isa = XCBuildConfiguration;
			buildSettings = {
				ALWAYS_SEARCH_USER_PATHS = NO;
				CLANG_CXX_LANGUAGE_STANDARD = "gnu++0x";
				CLANG_CXX_LIBRARY = "libc++";
				CLANG_ENABLE_MODULES = YES;
				CLANG_ENABLE_OBJC_ARC = YES;
				CLANG_WARN_BOOL_CONVERSION = YES;
				CLANG_WARN_CONSTANT_CONVERSION = YES;
				CLANG_WARN_DIRECT_OBJC_ISA_USAGE = YES_ERROR;
				CLANG_WARN_EMPTY_BODY = YES;
				CLANG_WARN_ENUM_CONVERSION = YES;
				CLANG_WARN_INT_CONVERSION = YES;
				CLANG_WARN_OBJC_ROOT_CLASS = YES_ERROR;
				CLANG_WARN__DUPLICATE_METHOD_MATCH = YES;
				"CODE_SIGN_IDENTITY[sdk=iphoneos*]" = "iPhone Developer";
				COPY_PHASE_STRIP = YES;
				ENABLE_NS_ASSERTIONS = NO;
				GCC_C_LANGUAGE_STANDARD = gnu99;
				GCC_WARN_64_TO_32_BIT_CONVERSION = YES;
				GCC_WARN_ABOUT_RETURN_TYPE = YES_ERROR;
				GCC_WARN_UNDECLARED_SELECTOR = YES;
				GCC_WARN_UNINITIALIZED_AUTOS = YES_AGGRESSIVE;
				GCC_WARN_UNUSED_FUNCTION = YES;
				GCC_WARN_UNUSED_VARIABLE = YES;
				IPHONEOS_DEPLOYMENT_TARGET = 7.1;
				SDKROOT = iphoneos;
				VALIDATE_PRODUCT = YES;
			};
			name = Release;
		};
		BC7143AC1B3257160014AEA7 /* Debug */ = {
			isa = XCBuildConfiguration;
			buildSettings = {
				ASSETCATALOG_COMPILER_APPICON_NAME = AppIcon;
				ASSETCATALOG_COMPILER_LAUNCHIMAGE_NAME = LaunchImage;
				GCC_PRECOMPILE_PREFIX_HEADER = YES;
				GCC_PREFIX_HEADER = "UIScrollViewDemo/UIScrollViewDemo-Prefix.pch";
				INFOPLIST_FILE = "UIScrollViewDemo/UIScrollViewDemo-Info.plist";
				PRODUCT_NAME = "$(TARGET_NAME)";
				WRAPPER_EXTENSION = app;
			};
			name = Debug;
		};
		BC7143AD1B3257160014AEA7 /* Release */ = {
			isa = XCBuildConfiguration;
			buildSettings = {
				ASSETCATALOG_COMPILER_APPICON_NAME = AppIcon;
				ASSETCATALOG_COMPILER_LAUNCHIMAGE_NAME = LaunchImage;
				GCC_PRECOMPILE_PREFIX_HEADER = YES;
				GCC_PREFIX_HEADER = "UIScrollViewDemo/UIScrollViewDemo-Prefix.pch";
				INFOPLIST_FILE = "UIScrollViewDemo/UIScrollViewDemo-Info.plist";
				PRODUCT_NAME = "$(TARGET_NAME)";
				WRAPPER_EXTENSION = app;
			};
			name = Release;
		};
		BC7143AF1B3257160014AEA7 /* Debug */ = {
			isa = XCBuildConfiguration;
			buildSettings = {
				BUNDLE_LOADER = "$(BUILT_PRODUCTS_DIR)/UIScrollViewDemo.app/UIScrollViewDemo";
				FRAMEWORK_SEARCH_PATHS = (
					"$(SDKROOT)/Developer/Library/Frameworks",
					"$(inherited)",
					"$(DEVELOPER_FRAMEWORKS_DIR)",
				);
				GCC_PRECOMPILE_PREFIX_HEADER = YES;
				GCC_PREFIX_HEADER = "UIScrollViewDemo/UIScrollViewDemo-Prefix.pch";
				GCC_PREPROCESSOR_DEFINITIONS = (
					"DEBUG=1",
					"$(inherited)",
				);
				INFOPLIST_FILE = "UIScrollViewDemoTests/UIScrollViewDemoTests-Info.plist";
				PRODUCT_NAME = "$(TARGET_NAME)";
				TEST_HOST = "$(BUNDLE_LOADER)";
				WRAPPER_EXTENSION = xctest;
			};
			name = Debug;
		};
		BC7143B01B3257160014AEA7 /* Release */ = {
			isa = XCBuildConfiguration;
			buildSettings = {
				BUNDLE_LOADER = "$(BUILT_PRODUCTS_DIR)/UIScrollViewDemo.app/UIScrollViewDemo";
				FRAMEWORK_SEARCH_PATHS = (
					"$(SDKROOT)/Developer/Library/Frameworks",
					"$(inherited)",
					"$(DEVELOPER_FRAMEWORKS_DIR)",
				);
				GCC_PRECOMPILE_PREFIX_HEADER = YES;
				GCC_PREFIX_HEADER = "UIScrollViewDemo/UIScrollViewDemo-Prefix.pch";
				INFOPLIST_FILE = "UIScrollViewDemoTests/UIScrollViewDemoTests-Info.plist";
				PRODUCT_NAME = "$(TARGET_NAME)";
				TEST_HOST = "$(BUNDLE_LOADER)";
				WRAPPER_EXTENSION = xctest;
			};
			name = Release;
		};
/* End XCBuildConfiguration section */

/* Begin XCConfigurationList section */
		BC71437A1B3257150014AEA7 /* Build configuration list for PBXProject "UIScrollViewDemo" */ = {
			isa = XCConfigurationList;
			buildConfigurations = (
				BC7143A91B3257160014AEA7 /* Debug */,
				BC7143AA1B3257160014AEA7 /* Release */,
			);
			defaultConfigurationIsVisible = 0;
			defaultConfigurationName = Release;
		};
		BC7143AB1B3257160014AEA7 /* Build configuration list for PBXNativeTarget "UIScrollViewDemo" */ = {
			isa = XCConfigurationList;
			buildConfigurations = (
				BC7143AC1B3257160014AEA7 /* Debug */,
				BC7143AD1B3257160014AEA7 /* Release */,
			);
			defaultConfigurationIsVisible = 0;
		};
		BC7143AE1B3257160014AEA7 /* Build configuration list for PBXNativeTarget "UIScrollViewDemoTests" */ = {
			isa = XCConfigurationList;
			buildConfigurations = (
				BC7143AF1B3257160014AEA7 /* Debug */,
				BC7143B01B3257160014AEA7 /* Release */,
			);
			defaultConfigurationIsVisible = 0;
		};
/* End XCConfigurationList section */
	};
	rootObject = BC7143771B3257150014AEA7 /* Project object */;
}
